
Microsoft Visual Studio Solution File, Format Version 12.00
# Visual Studio Version 17
VisualStudioVersion = 17.5.002.0
MinimumVisualStudioVersion = 10.0.40219.1
Project("{9A19103F-16F7-4668-BE54-9A1E7A4F7556}") = "minimal-api", "minimal-api.csproj", "{C0A4999D-408D-4B10-B1AC-0AC0DB8C726F}"
EndProject
Global
	GlobalSection(SolutionConfigurationPlatforms) = preSolution
		Debug|Any CPU = Debug|Any CPU
		Release|Any CPU = Release|Any CPU
	EndGlobalSection
	GlobalSection(ProjectConfigurationPlatforms) = postSolution
		{C0A4999D-408D-4B10-B1AC-0AC0DB8C726F}.Debug|Any CPU.ActiveCfg = Debug|Any CPU
		{C0A4999D-408D-4B10-B1AC-0AC0DB8C726F}.Debug|Any CPU.Build.0 = Debug|Any CPU
		{C0A4999D-408D-4B10-B1AC-0AC0DB8C726F}.Release|Any CPU.ActiveCfg = Release|Any CPU
		{C0A4999D-408D-4B10-B1AC-0AC0DB8C726F}.Release|Any CPU.Build.0 = Release|Any CPU
	EndGlobalSection
	GlobalSection(SolutionProperties) = preSolution
		HideSolutionNode = FALSE
	EndGlobalSection
	GlobalSection(ExtensibilityGlobals) = postSolution
		SolutionGuid = {70D1F3B3-A1F4-4360-964B-012284F42457}
	EndGlobalSection
EndGlobal
